
Microsoft Visual Studio Solution File, Format Version 12.00
# Visual Studio Version 17
VisualStudioVersion = 17.0.31612.314
MinimumVisualStudioVersion = 10.0.40219.1
Project("{FAE04EC0-301F-11D3-BF4B-00C04F79EFBC}") = "Challenges", "Challenges.csproj", "{F908C95B-1CE2-4BBD-BAA8-A6241ADE9B15}"
EndProject
Project("{FAE04EC0-301F-11D3-BF4B-00C04F79EFBC}") = "Models", "..\Models\Models.csproj", "{1053CB3C-250A-47C3-9A14-7FC65916385C}"
EndProject
Project("{FAE04EC0-301F-11D3-BF4B-00C04F79EFBC}") = "Tests", "..\Tests\Tests.csproj", "{F1DC099E-4764-4F5D-8D82-9F5C13996CC4}"
EndProject
Global
	GlobalSection(SolutionConfigurationPlatforms) = preSolution
		Debug|Any CPU = Debug|Any CPU
		Release|Any CPU = Release|Any CPU
	EndGlobalSection
	GlobalSection(ProjectConfigurationPlatforms) = postSolution
		{F908C95B-1CE2-4BBD-BAA8-A6241ADE9B15}.Debug|Any CPU.ActiveCfg = Debug|Any CPU
		{F908C95B-1CE2-4BBD-BAA8-A6241ADE9B15}.Debug|Any CPU.Build.0 = Debug|Any CPU
		{F908C95B-1CE2-4BBD-BAA8-A6241ADE9B15}.Release|Any CPU.ActiveCfg = Release|Any CPU
		{F908C95B-1CE2-4BBD-BAA8-A6241ADE9B15}.Release|Any CPU.Build.0 = Release|Any CPU
		{1053CB3C-250A-47C3-9A14-7FC65916385C}.Debug|Any CPU.ActiveCfg = Debug|Any CPU
		{1053CB3C-250A-47C3-9A14-7FC65916385C}.Debug|Any CPU.Build.0 = Debug|Any CPU
		{1053CB3C-250A-47C3-9A14-7FC65916385C}.Release|Any CPU.ActiveCfg = Release|Any CPU
		{1053CB3C-250A-47C3-9A14-7FC65916385C}.Release|Any CPU.Build.0 = Release|Any CPU
		{F1DC099E-4764-4F5D-8D82-9F5C13996CC4}.Debug|Any CPU.ActiveCfg = Debug|Any CPU
		{F1DC099E-4764-4F5D-8D82-9F5C13996CC4}.Debug|Any CPU.Build.0 = Debug|Any CPU
		{F1DC099E-4764-4F5D-8D82-9F5C13996CC4}.Release|Any CPU.ActiveCfg = Release|Any CPU
		{F1DC099E-4764-4F5D-8D82-9F5C13996CC4}.Release|Any CPU.Build.0 = Release|Any CPU
	EndGlobalSection
	GlobalSection(SolutionProperties) = preSolution
		HideSolutionNode = FALSE
	EndGlobalSection
	GlobalSection(ExtensibilityGlobals) = postSolution
		SolutionGuid = {E08C4DFD-F46F-400F-8DF0-8924DD6093AF}
	EndGlobalSection
EndGlobal
